
Microsoft Visual Studio Solution File, Format Version 12.00
# Visual Studio Version 17
VisualStudioVersion = 17.3.32819.101
MinimumVisualStudioVersion = 10.0.40219.1
Project("{9A19103F-16F7-4668-BE54-9A1E7A4F7556}") = "Pretzel", "Pretzel\Pretzel.csproj", "{198E7970-CBF7-4BD8-8E36-4E07BB29C3AF}"
EndProject
Project("{9A19103F-16F7-4668-BE54-9A1E7A4F7556}") = "Pretzel.Logic", "Pretzel.Logic\Pretzel.Logic.csproj", "{F2E6664D-75AC-4830-8A55-E572027DF710}"
EndProject
Project("{9A19103F-16F7-4668-BE54-9A1E7A4F7556}") = "Pretzel.Tests", "Pretzel.Tests\Pretzel.Tests.csproj", "{B90C3F82-7B38-49E9-80D5-F9752F7B2C67}"
EndProject
Project("{2150E333-8FDC-42A3-9474-1A3956D46DE8}") = "Solution Items", "Solution Items", "{5F558191-21D9-40C6-9173-C416DCEFDA21}"
	ProjectSection(SolutionItems) = preProject
		..\.editorconfig = ..\.editorconfig
		..\appveyor.yml = ..\appveyor.yml
		..\CONTRIBUTING.md = ..\CONTRIBUTING.md
		..\README.md = ..\README.md
	EndProjectSection
EndProject
Project("{9A19103F-16F7-4668-BE54-9A1E7A4F7556}") = "Pretzel.Categories", "Pretzel.Categories\Pretzel.Categories.csproj", "{1A045CB0-2823-4539-83BB-2B94E7BB4DAF}"
EndProject
Project("{9A19103F-16F7-4668-BE54-9A1E7A4F7556}") = "Pretzel.SethExtensions", "Pretzel.SethExtensions\Pretzel.SethExtensions.csproj", "{2D0F77B6-8F8F-46C2-B465-271F8A03A2B6}"
EndProject
Project("{D954291E-2A0B-460D-934E-DC6B0785DB48}") = "ActivityPub.Models", "ActivityPub.Models\src\ActivityPub.Models\ActivityPub.Models.shproj", "{27570BD7-A39C-4755-8521-ACDB4EBACED4}"
EndProject
Project("{2150E333-8FDC-42A3-9474-1A3956D46DE8}") = "ActivityStreams", "ActivityStreams", "{E002EEEF-E502-4ED4-9BAB-B640F3DDC2DF}"
EndProject
Project("{2150E333-8FDC-42A3-9474-1A3956D46DE8}") = "src", "src", "{64C12DA5-B811-4759-8C10-DA6DF80F355A}"
EndProject
Project("{FAE04EC0-301F-11D3-BF4B-00C04F79EFBC}") = "KristofferStrube.ActivityStreams", "ActivityStreams\src\KristofferStrube.ActivityStreams\KristofferStrube.ActivityStreams.csproj", "{9A688FE0-534E-4A8A-8E84-6CF434A7B54F}"
EndProject
Global
	GlobalSection(SolutionConfigurationPlatforms) = preSolution
		Debug|Any CPU = Debug|Any CPU
		Release|Any CPU = Release|Any CPU
	EndGlobalSection
	GlobalSection(ProjectConfigurationPlatforms) = postSolution
		{198E7970-CBF7-4BD8-8E36-4E07BB29C3AF}.Debug|Any CPU.ActiveCfg = Debug|Any CPU
		{198E7970-CBF7-4BD8-8E36-4E07BB29C3AF}.Debug|Any CPU.Build.0 = Debug|Any CPU
		{198E7970-CBF7-4BD8-8E36-4E07BB29C3AF}.Release|Any CPU.ActiveCfg = Release|Any CPU
		{198E7970-CBF7-4BD8-8E36-4E07BB29C3AF}.Release|Any CPU.Build.0 = Release|Any CPU
		{F2E6664D-75AC-4830-8A55-E572027DF710}.Debug|Any CPU.ActiveCfg = Debug|Any CPU
		{F2E6664D-75AC-4830-8A55-E572027DF710}.Debug|Any CPU.Build.0 = Debug|Any CPU
		{F2E6664D-75AC-4830-8A55-E572027DF710}.Release|Any CPU.ActiveCfg = Release|Any CPU
		{F2E6664D-75AC-4830-8A55-E572027DF710}.Release|Any CPU.Build.0 = Release|Any CPU
		{B90C3F82-7B38-49E9-80D5-F9752F7B2C67}.Debug|Any CPU.ActiveCfg = Debug|Any CPU
		{B90C3F82-7B38-49E9-80D5-F9752F7B2C67}.Debug|Any CPU.Build.0 = Debug|Any CPU
		{B90C3F82-7B38-49E9-80D5-F9752F7B2C67}.Release|Any CPU.ActiveCfg = Release|Any CPU
		{B90C3F82-7B38-49E9-80D5-F9752F7B2C67}.Release|Any CPU.Build.0 = Release|Any CPU
		{1A045CB0-2823-4539-83BB-2B94E7BB4DAF}.Debug|Any CPU.ActiveCfg = Debug|Any CPU
		{1A045CB0-2823-4539-83BB-2B94E7BB4DAF}.Debug|Any CPU.Build.0 = Debug|Any CPU
		{1A045CB0-2823-4539-83BB-2B94E7BB4DAF}.Release|Any CPU.ActiveCfg = Release|Any CPU
		{1A045CB0-2823-4539-83BB-2B94E7BB4DAF}.Release|Any CPU.Build.0 = Release|Any CPU
		{2D0F77B6-8F8F-46C2-B465-271F8A03A2B6}.Debug|Any CPU.ActiveCfg = Debug|Any CPU
		{2D0F77B6-8F8F-46C2-B465-271F8A03A2B6}.Debug|Any CPU.Build.0 = Debug|Any CPU
		{2D0F77B6-8F8F-46C2-B465-271F8A03A2B6}.Release|Any CPU.ActiveCfg = Release|Any CPU
		{2D0F77B6-8F8F-46C2-B465-271F8A03A2B6}.Release|Any CPU.Build.0 = Release|Any CPU
		{9A688FE0-534E-4A8A-8E84-6CF434A7B54F}.Debug|Any CPU.ActiveCfg = Debug|Any CPU
		{9A688FE0-534E-4A8A-8E84-6CF434A7B54F}.Debug|Any CPU.Build.0 = Debug|Any CPU
		{9A688FE0-534E-4A8A-8E84-6CF434A7B54F}.Release|Any CPU.ActiveCfg = Release|Any CPU
		{9A688FE0-534E-4A8A-8E84-6CF434A7B54F}.Release|Any CPU.Build.0 = Release|Any CPU
	EndGlobalSection
	GlobalSection(SolutionProperties) = preSolution
		HideSolutionNode = FALSE
	EndGlobalSection
	GlobalSection(ExtensibilityGlobals) = postSolution
		SolutionGuid = {D04F948E-1088-41DC-930E-DDC3748DFFA8}
	EndGlobalSection
	GlobalSection(SharedMSBuildProjectFiles) = preSolution
		ActivityPub.Models\src\ActivityPub.Models\ActivityPub.Models.projitems*{27570bd7-a39c-4755-8521-acdb4ebaced4}*SharedItemsImports = 13
		ActivityPub.Models\src\ActivityPub.Models\ActivityPub.Models.projitems*{2d0f77b6-8f8f-46c2-b465-271f8a03a2b6}*SharedItemsImports = 5
	EndGlobalSection
	GlobalSection(NestedProjects) = preSolution
		{64C12DA5-B811-4759-8C10-DA6DF80F355A} = {E002EEEF-E502-4ED4-9BAB-B640F3DDC2DF}
		{9A688FE0-534E-4A8A-8E84-6CF434A7B54F} = {64C12DA5-B811-4759-8C10-DA6DF80F355A}
	EndGlobalSection
EndGlobal
